
Microsoft Visual Studio Solution File, Format Version 12.00
# Visual Studio Version 16
VisualStudioVersion = 16.0.30011.22
MinimumVisualStudioVersion = 10.0.40219.1
Project("{FAE04EC0-301F-11D3-BF4B-00C04F79EFBC}") = "Exercise4", "Exercise4\Exercise4.csproj", "{B7150016-074A-415B-88CD-26CC30E009FB}"
EndProject
Project("{FAE04EC0-301F-11D3-BF4B-00C04F79EFBC}") = "Exercise3", "Exercise3\Exercise3.csproj", "{2F552095-820C-414A-B50A-553CAB7325C1}"
EndProject
Project("{9A19103F-16F7-4668-BE54-9A1E7A4F7556}") = "Exercise1", "Exercise1\Exercise1.csproj", "{E148E5F6-151F-405A-90C7-128BD19E6B5B}"
EndProject
Project("{9A19103F-16F7-4668-BE54-9A1E7A4F7556}") = "Exercise2", "Exercise2\Exercise2.csproj", "{33155764-E940-41B7-9387-A29130D611EE}"
EndProject
Project("{9A19103F-16F7-4668-BE54-9A1E7A4F7556}") = "PlayGround", "Exercise5\PlayGround.csproj", "{62180AF1-07D8-42C1-8C1D-80ABF34A9120}"
EndProject
Global
	GlobalSection(SolutionConfigurationPlatforms) = preSolution
		Debug|Any CPU = Debug|Any CPU
		Release|Any CPU = Release|Any CPU
	EndGlobalSection
	GlobalSection(ProjectConfigurationPlatforms) = postSolution
		{B7150016-074A-415B-88CD-26CC30E009FB}.Debug|Any CPU.ActiveCfg = Debug|Any CPU
		{B7150016-074A-415B-88CD-26CC30E009FB}.Debug|Any CPU.Build.0 = Debug|Any CPU
		{B7150016-074A-415B-88CD-26CC30E009FB}.Release|Any CPU.ActiveCfg = Release|Any CPU
		{B7150016-074A-415B-88CD-26CC30E009FB}.Release|Any CPU.Build.0 = Release|Any CPU
		{2F552095-820C-414A-B50A-553CAB7325C1}.Debug|Any CPU.ActiveCfg = Debug|Any CPU
		{2F552095-820C-414A-B50A-553CAB7325C1}.Debug|Any CPU.Build.0 = Debug|Any CPU
		{2F552095-820C-414A-B50A-553CAB7325C1}.Release|Any CPU.ActiveCfg = Release|Any CPU
		{2F552095-820C-414A-B50A-553CAB7325C1}.Release|Any CPU.Build.0 = Release|Any CPU
		{E148E5F6-151F-405A-90C7-128BD19E6B5B}.Debug|Any CPU.ActiveCfg = Debug|Any CPU
		{E148E5F6-151F-405A-90C7-128BD19E6B5B}.Debug|Any CPU.Build.0 = Debug|Any CPU
		{E148E5F6-151F-405A-90C7-128BD19E6B5B}.Release|Any CPU.ActiveCfg = Release|Any CPU
		{E148E5F6-151F-405A-90C7-128BD19E6B5B}.Release|Any CPU.Build.0 = Release|Any CPU
		{33155764-E940-41B7-9387-A29130D611EE}.Debug|Any CPU.ActiveCfg = Debug|Any CPU
		{33155764-E940-41B7-9387-A29130D611EE}.Debug|Any CPU.Build.0 = Debug|Any CPU
		{33155764-E940-41B7-9387-A29130D611EE}.Release|Any CPU.ActiveCfg = Release|Any CPU
		{33155764-E940-41B7-9387-A29130D611EE}.Release|Any CPU.Build.0 = Release|Any CPU
		{62180AF1-07D8-42C1-8C1D-80ABF34A9120}.Debug|Any CPU.ActiveCfg = Debug|Any CPU
		{62180AF1-07D8-42C1-8C1D-80ABF34A9120}.Debug|Any CPU.Build.0 = Debug|Any CPU
		{62180AF1-07D8-42C1-8C1D-80ABF34A9120}.Release|Any CPU.ActiveCfg = Release|Any CPU
		{62180AF1-07D8-42C1-8C1D-80ABF34A9120}.Release|Any CPU.Build.0 = Release|Any CPU
	EndGlobalSection
	GlobalSection(SolutionProperties) = preSolution
		HideSolutionNode = FALSE
	EndGlobalSection
	GlobalSection(ExtensibilityGlobals) = postSolution
		SolutionGuid = {94C2C413-8C4A-41AF-9AAC-B55B91059AE7}
	EndGlobalSection
EndGlobal
